// !$*UTF8*$!
{
	archiveVersion = 1;
	classes = {
	};
	objectVersion = 56;
	objects = {

/* Begin PBXBuildFile section */
		61921BAB2A3A538800438BC6 /* GlagoliticExplorerApp.swift in Sources */ = {isa = PBXBuildFile; fileRef = 61921BAA2A3A538800438BC6 /* GlagoliticExplorerApp.swift */; };
		61921BAD2A3A538800438BC6 /* ContentView.swift in Sources */ = {isa = PBXBuildFile; fileRef = 61921BAC2A3A538800438BC6 /* ContentView.swift */; };
		61921BAF2A3A538800438BC6 /* Assets.xcassets in Resources */ = {isa = PBXBuildFile; fileRef = 61921BAE2A3A538800438BC6 /* Assets.xcassets */; };
		61921BB22A3A538800438BC6 /* Preview Assets.xcassets in Resources */ = {isa = PBXBuildFile; fileRef = 61921BB12A3A538800438BC6 /* Preview Assets.xcassets */; };
		61921BBC2A3A538900438BC6 /* GlagoliticExplorerTests.swift in Sources */ = {isa = PBXBuildFile; fileRef = 61921BBB2A3A538900438BC6 /* GlagoliticExplorerTests.swift */; };
		61921BC62A3A538900438BC6 /* GlagoliticExplorerUITests.swift in Sources */ = {isa = PBXBuildFile; fileRef = 61921BC52A3A538900438BC6 /* GlagoliticExplorerUITests.swift */; };
		61921BC82A3A538900438BC6 /* GlagoliticExplorerUITestsLaunchTests.swift in Sources */ = {isa = PBXBuildFile; fileRef = 61921BC72A3A538900438BC6 /* GlagoliticExplorerUITestsLaunchTests.swift */; };
		61C6B3AA2A607A18000EFF7F /* ListView.swift in Sources */ = {isa = PBXBuildFile; fileRef = 61C6B3A92A607A18000EFF7F /* ListView.swift */; };
		61C6B3AD2A607B7A000EFF7F /* ListItem.swift in Sources */ = {isa = PBXBuildFile; fileRef = 61C6B3AC2A607B7A000EFF7F /* ListItem.swift */; };
		61C6B3B12A60843B000EFF7F /* DummyData.swift in Sources */ = {isa = PBXBuildFile; fileRef = 61C6B3B02A60843B000EFF7F /* DummyData.swift */; };
		61F30B402A47929000D8CE5E /* MenuItemsView.swift in Sources */ = {isa = PBXBuildFile; fileRef = 61F30B3F2A47929000D8CE5E /* MenuItemsView.swift */; };
		61F30B442A479A5900D8CE5E /* BasicView.swift in Sources */ = {isa = PBXBuildFile; fileRef = 61F30B432A479A5900D8CE5E /* BasicView.swift */; };
		61F30B472A47A0A000D8CE5E /* Localizable.strings in Resources */ = {isa = PBXBuildFile; fileRef = 61F30B492A47A0A000D8CE5E /* Localizable.strings */; };
/* End PBXBuildFile section */

/* Begin PBXContainerItemProxy section */
		61921BB82A3A538900438BC6 /* PBXContainerItemProxy */ = {
			isa = PBXContainerItemProxy;
			containerPortal = 61921B9F2A3A538800438BC6 /* Project object */;
			proxyType = 1;
			remoteGlobalIDString = 61921BA62A3A538800438BC6;
			remoteInfo = GlagoliticExplorer;
		};
		61921BC22A3A538900438BC6 /* PBXContainerItemProxy */ = {
			isa = PBXContainerItemProxy;
			containerPortal = 61921B9F2A3A538800438BC6 /* Project object */;
			proxyType = 1;
			remoteGlobalIDString = 61921BA62A3A538800438BC6;
			remoteInfo = GlagoliticExplorer;
		};
/* End PBXContainerItemProxy section */

/* Begin PBXFileReference section */
		61921BA72A3A538800438BC6 /* GlagoliticExplorer.app */ = {isa = PBXFileReference; explicitFileType = wrapper.application; includeInIndex = 0; path = GlagoliticExplorer.app; sourceTree = BUILT_PRODUCTS_DIR; };
		61921BAA2A3A538800438BC6 /* GlagoliticExplorerApp.swift */ = {isa = PBXFileReference; lastKnownFileType = sourcecode.swift; path = GlagoliticExplorerApp.swift; sourceTree = "<group>"; };
		61921BAC2A3A538800438BC6 /* ContentView.swift */ = {isa = PBXFileReference; lastKnownFileType = sourcecode.swift; path = ContentView.swift; sourceTree = "<group>"; };
		61921BAE2A3A538800438BC6 /* Assets.xcassets */ = {isa = PBXFileReference; lastKnownFileType = folder.assetcatalog; path = Assets.xcassets; sourceTree = "<group>"; };
		61921BB12A3A538800438BC6 /* Preview Assets.xcassets */ = {isa = PBXFileReference; lastKnownFileType = folder.assetcatalog; path = "Preview Assets.xcassets"; sourceTree = "<group>"; };
		61921BB72A3A538900438BC6 /* GlagoliticExplorerTests.xctest */ = {isa = PBXFileReference; explicitFileType = wrapper.cfbundle; includeInIndex = 0; path = GlagoliticExplorerTests.xctest; sourceTree = BUILT_PRODUCTS_DIR; };
		61921BBB2A3A538900438BC6 /* GlagoliticExplorerTests.swift */ = {isa = PBXFileReference; lastKnownFileType = sourcecode.swift; path = GlagoliticExplorerTests.swift; sourceTree = "<group>"; };
		61921BC12A3A538900438BC6 /* GlagoliticExplorerUITests.xctest */ = {isa = PBXFileReference; explicitFileType = wrapper.cfbundle; includeInIndex = 0; path = GlagoliticExplorerUITests.xctest; sourceTree = BUILT_PRODUCTS_DIR; };
		61921BC52A3A538900438BC6 /* GlagoliticExplorerUITests.swift */ = {isa = PBXFileReference; lastKnownFileType = sourcecode.swift; path = GlagoliticExplorerUITests.swift; sourceTree = "<group>"; };
		61921BC72A3A538900438BC6 /* GlagoliticExplorerUITestsLaunchTests.swift */ = {isa = PBXFileReference; lastKnownFileType = sourcecode.swift; path = GlagoliticExplorerUITestsLaunchTests.swift; sourceTree = "<group>"; };
		61C6B3A92A607A18000EFF7F /* ListView.swift */ = {isa = PBXFileReference; lastKnownFileType = sourcecode.swift; path = ListView.swift; sourceTree = "<group>"; };
		61C6B3AC2A607B7A000EFF7F /* ListItem.swift */ = {isa = PBXFileReference; lastKnownFileType = sourcecode.swift; path = ListItem.swift; sourceTree = "<group>"; };
		61C6B3B02A60843B000EFF7F /* DummyData.swift */ = {isa = PBXFileReference; lastKnownFileType = sourcecode.swift; path = DummyData.swift; sourceTree = "<group>"; };
		61F30B3F2A47929000D8CE5E /* MenuItemsView.swift */ = {isa = PBXFileReference; lastKnownFileType = sourcecode.swift; path = MenuItemsView.swift; sourceTree = "<group>"; };
		61F30B432A479A5900D8CE5E /* BasicView.swift */ = {isa = PBXFileReference; lastKnownFileType = sourcecode.swift; path = BasicView.swift; sourceTree = "<group>"; };
		61F30B482A47A0A000D8CE5E /* en */ = {isa = PBXFileReference; lastKnownFileType = text.plist.strings; name = en; path = en.lproj/Localizable.strings; sourceTree = "<group>"; };
		61F30B4A2A47A0A600D8CE5E /* hr */ = {isa = PBXFileReference; lastKnownFileType = text.plist.strings; name = hr; path = hr.lproj/Localizable.strings; sourceTree = "<group>"; };
/* End PBXFileReference section */

/* Begin PBXFrameworksBuildPhase section */
		61921BA42A3A538800438BC6 /* Frameworks */ = {
			isa = PBXFrameworksBuildPhase;
			buildActionMask = 2147483647;
			files = (
			);
			runOnlyForDeploymentPostprocessing = 0;
		};
		61921BB42A3A538900438BC6 /* Frameworks */ = {
			isa = PBXFrameworksBuildPhase;
			buildActionMask = 2147483647;
			files = (
			);
			runOnlyForDeploymentPostprocessing = 0;
		};
		61921BBE2A3A538900438BC6 /* Frameworks */ = {
			isa = PBXFrameworksBuildPhase;
			buildActionMask = 2147483647;
			files = (
			);
			runOnlyForDeploymentPostprocessing = 0;
		};
/* End PBXFrameworksBuildPhase section */

/* Begin PBXGroup section */
		61921B9E2A3A538800438BC6 = {
			isa = PBXGroup;
			children = (
				61F30B492A47A0A000D8CE5E /* Localizable.strings */,
				61921BA92A3A538800438BC6 /* GlagoliticExplorer */,
				61921BBA2A3A538900438BC6 /* GlagoliticExplorerTests */,
				61921BC42A3A538900438BC6 /* GlagoliticExplorerUITests */,
				61921BA82A3A538800438BC6 /* Products */,
			);
			sourceTree = "<group>";
		};
		61921BA82A3A538800438BC6 /* Products */ = {
			isa = PBXGroup;
			children = (
				61921BA72A3A538800438BC6 /* GlagoliticExplorer.app */,
				61921BB72A3A538900438BC6 /* GlagoliticExplorerTests.xctest */,
				61921BC12A3A538900438BC6 /* GlagoliticExplorerUITests.xctest */,
			);
			name = Products;
			sourceTree = "<group>";
		};
		61921BA92A3A538800438BC6 /* GlagoliticExplorer */ = {
			isa = PBXGroup;
			children = (
				61C6B3AF2A607D32000EFF7F /* HelperClasses */,
				61921BAA2A3A538800438BC6 /* GlagoliticExplorerApp.swift */,
				61C6B3AE2A607D0D000EFF7F /* Views */,
				61921BAE2A3A538800438BC6 /* Assets.xcassets */,
				61921BB02A3A538800438BC6 /* Preview Content */,
				61C6B3B02A60843B000EFF7F /* DummyData.swift */,
			);
			path = GlagoliticExplorer;
			sourceTree = "<group>";
		};
		61921BB02A3A538800438BC6 /* Preview Content */ = {
			isa = PBXGroup;
			children = (
				61921BB12A3A538800438BC6 /* Preview Assets.xcassets */,
			);
			path = "Preview Content";
			sourceTree = "<group>";
		};
		61921BBA2A3A538900438BC6 /* GlagoliticExplorerTests */ = {
			isa = PBXGroup;
			children = (
				61921BBB2A3A538900438BC6 /* GlagoliticExplorerTests.swift */,
			);
			path = GlagoliticExplorerTests;
			sourceTree = "<group>";
		};
		61921BC42A3A538900438BC6 /* GlagoliticExplorerUITests */ = {
			isa = PBXGroup;
			children = (
				61921BC52A3A538900438BC6 /* GlagoliticExplorerUITests.swift */,
				61921BC72A3A538900438BC6 /* GlagoliticExplorerUITestsLaunchTests.swift */,
			);
			path = GlagoliticExplorerUITests;
			sourceTree = "<group>";
		};
		61C6B3AE2A607D0D000EFF7F /* Views */ = {
			isa = PBXGroup;
			children = (
				61921BAC2A3A538800438BC6 /* ContentView.swift */,
				61F30B3F2A47929000D8CE5E /* MenuItemsView.swift */,
				61F30B432A479A5900D8CE5E /* BasicView.swift */,
				61C6B3A92A607A18000EFF7F /* ListView.swift */,
			);
			path = Views;
			sourceTree = "<group>";
		};
		61C6B3AF2A607D32000EFF7F /* HelperClasses */ = {
			isa = PBXGroup;
			children = (
				61C6B3AC2A607B7A000EFF7F /* ListItem.swift */,
			);
			path = HelperClasses;
			sourceTree = "<group>";
		};
/* End PBXGroup section */

/* Begin PBXNativeTarget section */
		61921BA62A3A538800438BC6 /* GlagoliticExplorer */ = {
			isa = PBXNativeTarget;
			buildConfigurationList = 61921BCB2A3A538900438BC6 /* Build configuration list for PBXNativeTarget "GlagoliticExplorer" */;
			buildPhases = (
				61921BA32A3A538800438BC6 /* Sources */,
				61921BA42A3A538800438BC6 /* Frameworks */,
				61921BA52A3A538800438BC6 /* Resources */,
			);
			buildRules = (
			);
			dependencies = (
			);
			name = GlagoliticExplorer;
			productName = GlagoliticExplorer;
			productReference = 61921BA72A3A538800438BC6 /* GlagoliticExplorer.app */;
			productType = "com.apple.product-type.application";
		};
		61921BB62A3A538900438BC6 /* GlagoliticExplorerTests */ = {
			isa = PBXNativeTarget;
			buildConfigurationList = 61921BCE2A3A538900438BC6 /* Build configuration list for PBXNativeTarget "GlagoliticExplorerTests" */;
			buildPhases = (
				61921BB32A3A538900438BC6 /* Sources */,
				61921BB42A3A538900438BC6 /* Frameworks */,
				61921BB52A3A538900438BC6 /* Resources */,
			);
			buildRules = (
			);
			dependencies = (
				61921BB92A3A538900438BC6 /* PBXTargetDependency */,
			);
			name = GlagoliticExplorerTests;
			productName = GlagoliticExplorerTests;
			productReference = 61921BB72A3A538900438BC6 /* GlagoliticExplorerTests.xctest */;
			productType = "com.apple.product-type.bundle.unit-test";
		};
		61921BC02A3A538900438BC6 /* GlagoliticExplorerUITests */ = {
			isa = PBXNativeTarget;
			buildConfigurationList = 61921BD12A3A538900438BC6 /* Build configuration list for PBXNativeTarget "GlagoliticExplorerUITests" */;
			buildPhases = (
				61921BBD2A3A538900438BC6 /* Sources */,
				61921BBE2A3A538900438BC6 /* Frameworks */,
				61921BBF2A3A538900438BC6 /* Resources */,
			);
			buildRules = (
			);
			dependencies = (
				61921BC32A3A538900438BC6 /* PBXTargetDependency */,
			);
			name = GlagoliticExplorerUITests;
			productName = GlagoliticExplorerUITests;
			productReference = 61921BC12A3A538900438BC6 /* GlagoliticExplorerUITests.xctest */;
			productType = "com.apple.product-type.bundle.ui-testing";
		};
/* End PBXNativeTarget section */

/* Begin PBXProject section */
		61921B9F2A3A538800438BC6 /* Project object */ = {
			isa = PBXProject;
			attributes = {
				BuildIndependentTargetsInParallel = 1;
				LastSwiftUpdateCheck = 1420;
				LastUpgradeCheck = 1420;
				TargetAttributes = {
					61921BA62A3A538800438BC6 = {
						CreatedOnToolsVersion = 14.2;
					};
					61921BB62A3A538900438BC6 = {
						CreatedOnToolsVersion = 14.2;
						TestTargetID = 61921BA62A3A538800438BC6;
					};
					61921BC02A3A538900438BC6 = {
						CreatedOnToolsVersion = 14.2;
						TestTargetID = 61921BA62A3A538800438BC6;
					};
				};
			};
			buildConfigurationList = 61921BA22A3A538800438BC6 /* Build configuration list for PBXProject "GlagoliticExplorer" */;
			compatibilityVersion = "Xcode 14.0";
			developmentRegion = en;
			hasScannedForEncodings = 0;
			knownRegions = (
				en,
				Base,
				hr,
			);
			mainGroup = 61921B9E2A3A538800438BC6;
			productRefGroup = 61921BA82A3A538800438BC6 /* Products */;
			projectDirPath = "";
			projectRoot = "";
			targets = (
				61921BA62A3A538800438BC6 /* GlagoliticExplorer */,
				61921BB62A3A538900438BC6 /* GlagoliticExplorerTests */,
				61921BC02A3A538900438BC6 /* GlagoliticExplorerUITests */,
			);
		};
/* End PBXProject section */

/* Begin PBXResourcesBuildPhase section */
		61921BA52A3A538800438BC6 /* Resources */ = {
			isa = PBXResourcesBuildPhase;
			buildActionMask = 2147483647;
			files = (
				61921BB22A3A538800438BC6 /* Preview Assets.xcassets in Resources */,
				61F30B472A47A0A000D8CE5E /* Localizable.strings in Resources */,
				61921BAF2A3A538800438BC6 /* Assets.xcassets in Resources */,
			);
			runOnlyForDeploymentPostprocessing = 0;
		};
		61921BB52A3A538900438BC6 /* Resources */ = {
			isa = PBXResourcesBuildPhase;
			buildActionMask = 2147483647;
			files = (
			);
			runOnlyForDeploymentPostprocessing = 0;
		};
		61921BBF2A3A538900438BC6 /* Resources */ = {
			isa = PBXResourcesBuildPhase;
			buildActionMask = 2147483647;
			files = (
			);
			runOnlyForDeploymentPostprocessing = 0;
		};
/* End PBXResourcesBuildPhase section */

/* Begin PBXSourcesBuildPhase section */
		61921BA32A3A538800438BC6 /* Sources */ = {
			isa = PBXSourcesBuildPhase;
			buildActionMask = 2147483647;
			files = (
				61C6B3AD2A607B7A000EFF7F /* ListItem.swift in Sources */,
				61F30B442A479A5900D8CE5E /* BasicView.swift in Sources */,
				61921BAD2A3A538800438BC6 /* ContentView.swift in Sources */,
				61C6B3B12A60843B000EFF7F /* DummyData.swift in Sources */,
				61C6B3AA2A607A18000EFF7F /* ListView.swift in Sources */,
				61F30B402A47929000D8CE5E /* MenuItemsView.swift in Sources */,
				61921BAB2A3A538800438BC6 /* GlagoliticExplorerApp.swift in Sources */,
			);
			runOnlyForDeploymentPostprocessing = 0;
		};
		61921BB32A3A538900438BC6 /* Sources */ = {
			isa = PBXSourcesBuildPhase;
			buildActionMask = 2147483647;
			files = (
				61921BBC2A3A538900438BC6 /* GlagoliticExplorerTests.swift in Sources */,
			);
			runOnlyForDeploymentPostprocessing = 0;
		};
		61921BBD2A3A538900438BC6 /* Sources */ = {
			isa = PBXSourcesBuildPhase;
			buildActionMask = 2147483647;
			files = (
				61921BC82A3A538900438BC6 /* GlagoliticExplorerUITestsLaunchTests.swift in Sources */,
				61921BC62A3A538900438BC6 /* GlagoliticExplorerUITests.swift in Sources */,
			);
			runOnlyForDeploymentPostprocessing = 0;
		};
/* End PBXSourcesBuildPhase section */

/* Begin PBXTargetDependency section */
		61921BB92A3A538900438BC6 /* PBXTargetDependency */ = {
			isa = PBXTargetDependency;
			target = 61921BA62A3A538800438BC6 /* GlagoliticExplorer */;
			targetProxy = 61921BB82A3A538900438BC6 /* PBXContainerItemProxy */;
		};
		61921BC32A3A538900438BC6 /* PBXTargetDependency */ = {
			isa = PBXTargetDependency;
			target = 61921BA62A3A538800438BC6 /* GlagoliticExplorer */;
			targetProxy = 61921BC22A3A538900438BC6 /* PBXContainerItemProxy */;
		};
/* End PBXTargetDependency section */

/* Begin PBXVariantGroup section */
		61F30B492A47A0A000D8CE5E /* Localizable.strings */ = {
			isa = PBXVariantGroup;
			children = (
				61F30B482A47A0A000D8CE5E /* en */,
				61F30B4A2A47A0A600D8CE5E /* hr */,
			);
			name = Localizable.strings;
			sourceTree = "<group>";
		};
/* End PBXVariantGroup section */

/* Begin XCBuildConfiguration section */
		61921BC92A3A538900438BC6 /* Debug */ = {
			isa = XCBuildConfiguration;
			buildSettings = {
				ALWAYS_SEARCH_USER_PATHS = NO;
				CLANG_ANALYZER_NONNULL = YES;
				CLANG_ANALYZER_NUMBER_OBJECT_CONVERSION = YES_AGGRESSIVE;
				CLANG_CXX_LANGUAGE_STANDARD = "gnu++20";
				CLANG_ENABLE_MODULES = YES;
				CLANG_ENABLE_OBJC_ARC = YES;
				CLANG_ENABLE_OBJC_WEAK = YES;
				CLANG_WARN_BLOCK_CAPTURE_AUTORELEASING = YES;
				CLANG_WARN_BOOL_CONVERSION = YES;
				CLANG_WARN_COMMA = YES;
				CLANG_WARN_CONSTANT_CONVERSION = YES;
				CLANG_WARN_DEPRECATED_OBJC_IMPLEMENTATIONS = YES;
				CLANG_WARN_DIRECT_OBJC_ISA_USAGE = YES_ERROR;
				CLANG_WARN_DOCUMENTATION_COMMENTS = YES;
				CLANG_WARN_EMPTY_BODY = YES;
				CLANG_WARN_ENUM_CONVERSION = YES;
				CLANG_WARN_INFINITE_RECURSION = YES;
				CLANG_WARN_INT_CONVERSION = YES;
				CLANG_WARN_NON_LITERAL_NULL_CONVERSION = YES;
				CLANG_WARN_OBJC_IMPLICIT_RETAIN_SELF = YES;
				CLANG_WARN_OBJC_LITERAL_CONVERSION = YES;
				CLANG_WARN_OBJC_ROOT_CLASS = YES_ERROR;
				CLANG_WARN_QUOTED_INCLUDE_IN_FRAMEWORK_HEADER = YES;
				CLANG_WARN_RANGE_LOOP_ANALYSIS = YES;
				CLANG_WARN_STRICT_PROTOTYPES = YES;
				CLANG_WARN_SUSPICIOUS_MOVE = YES;
				CLANG_WARN_UNGUARDED_AVAILABILITY = YES_AGGRESSIVE;
				CLANG_WARN_UNREACHABLE_CODE = YES;
				CLANG_WARN__DUPLICATE_METHOD_MATCH = YES;
				COPY_PHASE_STRIP = NO;
				DEBUG_INFORMATION_FORMAT = dwarf;
				ENABLE_STRICT_OBJC_MSGSEND = YES;
				ENABLE_TESTABILITY = YES;
				GCC_C_LANGUAGE_STANDARD = gnu11;
				GCC_DYNAMIC_NO_PIC = NO;
				GCC_NO_COMMON_BLOCKS = YES;
				GCC_OPTIMIZATION_LEVEL = 0;
				GCC_PREPROCESSOR_DEFINITIONS = (
					"DEBUG=1",
					"$(inherited)",
				);
				GCC_WARN_64_TO_32_BIT_CONVERSION = YES;
				GCC_WARN_ABOUT_RETURN_TYPE = YES_ERROR;
				GCC_WARN_UNDECLARED_SELECTOR = YES;
				GCC_WARN_UNINITIALIZED_AUTOS = YES_AGGRESSIVE;
				GCC_WARN_UNUSED_FUNCTION = YES;
				GCC_WARN_UNUSED_VARIABLE = YES;
				IPHONEOS_DEPLOYMENT_TARGET = 16.2;
				MTL_ENABLE_DEBUG_INFO = INCLUDE_SOURCE;
				MTL_FAST_MATH = YES;
				ONLY_ACTIVE_ARCH = YES;
				SDKROOT = iphoneos;
				SWIFT_ACTIVE_COMPILATION_CONDITIONS = DEBUG;
				SWIFT_OPTIMIZATION_LEVEL = "-Onone";
			};
			name = Debug;
		};
		61921BCA2A3A538900438BC6 /* Release */ = {
			isa = XCBuildConfiguration;
			buildSettings = {
				ALWAYS_SEARCH_USER_PATHS = NO;
				CLANG_ANALYZER_NONNULL = YES;
				CLANG_ANALYZER_NUMBER_OBJECT_CONVERSION = YES_AGGRESSIVE;
				CLANG_CXX_LANGUAGE_STANDARD = "gnu++20";
				CLANG_ENABLE_MODULES = YES;
				CLANG_ENABLE_OBJC_ARC = YES;
				CLANG_ENABLE_OBJC_WEAK = YES;
				CLANG_WARN_BLOCK_CAPTURE_AUTORELEASING = YES;
				CLANG_WARN_BOOL_CONVERSION = YES;
				CLANG_WARN_COMMA = YES;
				CLANG_WARN_CONSTANT_CONVERSION = YES;
				CLANG_WARN_DEPRECATED_OBJC_IMPLEMENTATIONS = YES;
				CLANG_WARN_DIRECT_OBJC_ISA_USAGE = YES_ERROR;
				CLANG_WARN_DOCUMENTATION_COMMENTS = YES;
				CLANG_WARN_EMPTY_BODY = YES;
				CLANG_WARN_ENUM_CONVERSION = YES;
				CLANG_WARN_INFINITE_RECURSION = YES;
				CLANG_WARN_INT_CONVERSION = YES;
				CLANG_WARN_NON_LITERAL_NULL_CONVERSION = YES;
				CLANG_WARN_OBJC_IMPLICIT_RETAIN_SELF = YES;
				CLANG_WARN_OBJC_LITERAL_CONVERSION = YES;
				CLANG_WARN_OBJC_ROOT_CLASS = YES_ERROR;
				CLANG_WARN_QUOTED_INCLUDE_IN_FRAMEWORK_HEADER = YES;
				CLANG_WARN_RANGE_LOOP_ANALYSIS = YES;
				CLANG_WARN_STRICT_PROTOTYPES = YES;
				CLANG_WARN_SUSPICIOUS_MOVE = YES;
				CLANG_WARN_UNGUARDED_AVAILABILITY = YES_AGGRESSIVE;
				CLANG_WARN_UNREACHABLE_CODE = YES;
				CLANG_WARN__DUPLICATE_METHOD_MATCH = YES;
				COPY_PHASE_STRIP = NO;
				DEBUG_INFORMATION_FORMAT = "dwarf-with-dsym";
				ENABLE_NS_ASSERTIONS = NO;
				ENABLE_STRICT_OBJC_MSGSEND = YES;
				GCC_C_LANGUAGE_STANDARD = gnu11;
				GCC_NO_COMMON_BLOCKS = YES;
				GCC_WARN_64_TO_32_BIT_CONVERSION = YES;
				GCC_WARN_ABOUT_RETURN_TYPE = YES_ERROR;
				GCC_WARN_UNDECLARED_SELECTOR = YES;
				GCC_WARN_UNINITIALIZED_AUTOS = YES_AGGRESSIVE;
				GCC_WARN_UNUSED_FUNCTION = YES;
				GCC_WARN_UNUSED_VARIABLE = YES;
				IPHONEOS_DEPLOYMENT_TARGET = 16.2;
				MTL_ENABLE_DEBUG_INFO = NO;
				MTL_FAST_MATH = YES;
				SDKROOT = iphoneos;
				SWIFT_COMPILATION_MODE = wholemodule;
				SWIFT_OPTIMIZATION_LEVEL = "-O";
				VALIDATE_PRODUCT = YES;
			};
			name = Release;
		};
		61921BCC2A3A538900438BC6 /* Debug */ = {
			isa = XCBuildConfiguration;
			buildSettings = {
				ASSETCATALOG_COMPILER_APPICON_NAME = AppIcon;
				ASSETCATALOG_COMPILER_GLOBAL_ACCENT_COLOR_NAME = AccentColor;
				CODE_SIGN_STYLE = Automatic;
				CURRENT_PROJECT_VERSION = 1;
				DEVELOPMENT_ASSET_PATHS = "\"GlagoliticExplorer/Preview Content\"";
				DEVELOPMENT_TEAM = FAU2V6TT69;
				ENABLE_PREVIEWS = YES;
				GENERATE_INFOPLIST_FILE = YES;
				INFOPLIST_KEY_UIApplicationSceneManifest_Generation = YES;
				INFOPLIST_KEY_UIApplicationSupportsIndirectInputEvents = YES;
				INFOPLIST_KEY_UILaunchScreen_Generation = YES;
				INFOPLIST_KEY_UISupportedInterfaceOrientations_iPad = "UIInterfaceOrientationPortrait UIInterfaceOrientationPortraitUpsideDown UIInterfaceOrientationLandscapeLeft UIInterfaceOrientationLandscapeRight";
				INFOPLIST_KEY_UISupportedInterfaceOrientations_iPhone = "UIInterfaceOrientationPortrait UIInterfaceOrientationLandscapeLeft UIInterfaceOrientationLandscapeRight";
				LD_RUNPATH_SEARCH_PATHS = (
					"$(inherited)",
					"@executable_path/Frameworks",
				);
				MARKETING_VERSION = 1.0;
				PRODUCT_BUNDLE_IDENTIFIER = rdd.GlagoliticExplorer;
				PRODUCT_NAME = "$(TARGET_NAME)";
				SWIFT_EMIT_LOC_STRINGS = YES;
				SWIFT_VERSION = 5.0;
				TARGETED_DEVICE_FAMILY = "1,2";
			};
			name = Debug;
		};
		61921BCD2A3A538900438BC6 /* Release */ = {
			isa = XCBuildConfiguration;
			buildSettings = {
				ASSETCATALOG_COMPILER_APPICON_NAME = AppIcon;
				ASSETCATALOG_COMPILER_GLOBAL_ACCENT_COLOR_NAME = AccentColor;
				CODE_SIGN_STYLE = Automatic;
				CURRENT_PROJECT_VERSION = 1;
				DEVELOPMENT_ASSET_PATHS = "\"GlagoliticExplorer/Preview Content\"";
				DEVELOPMENT_TEAM = FAU2V6TT69;
				ENABLE_PREVIEWS = YES;
				GENERATE_INFOPLIST_FILE = YES;
				INFOPLIST_KEY_UIApplicationSceneManifest_Generation = YES;
				INFOPLIST_KEY_UIApplicationSupportsIndirectInputEvents = YES;
				INFOPLIST_KEY_UILaunchScreen_Generation = YES;
				INFOPLIST_KEY_UISupportedInterfaceOrientations_iPad = "UIInterfaceOrientationPortrait UIInterfaceOrientationPortraitUpsideDown UIInterfaceOrientationLandscapeLeft UIInterfaceOrientationLandscapeRight";
				INFOPLIST_KEY_UISupportedInterfaceOrientations_iPhone = "UIInterfaceOrientationPortrait UIInterfaceOrientationLandscapeLeft UIInterfaceOrientationLandscapeRight";
				LD_RUNPATH_SEARCH_PATHS = (
					"$(inherited)",
					"@executable_path/Frameworks",
				);
				MARKETING_VERSION = 1.0;
				PRODUCT_BUNDLE_IDENTIFIER = rdd.GlagoliticExplorer;
				PRODUCT_NAME = "$(TARGET_NAME)";
				SWIFT_EMIT_LOC_STRINGS = YES;
				SWIFT_VERSION = 5.0;
				TARGETED_DEVICE_FAMILY = "1,2";
			};
			name = Release;
		};
		61921BCF2A3A538900438BC6 /* Debug */ = {
			isa = XCBuildConfiguration;
			buildSettings = {
				ALWAYS_EMBED_SWIFT_STANDARD_LIBRARIES = YES;
				BUNDLE_LOADER = "$(TEST_HOST)";
				CODE_SIGN_STYLE = Automatic;
				CURRENT_PROJECT_VERSION = 1;
				DEVELOPMENT_TEAM = FAU2V6TT69;
				GENERATE_INFOPLIST_FILE = YES;
				IPHONEOS_DEPLOYMENT_TARGET = 16.2;
				MARKETING_VERSION = 1.0;
				PRODUCT_BUNDLE_IDENTIFIER = rdd.GlagoliticExplorerTests;
				PRODUCT_NAME = "$(TARGET_NAME)";
				SWIFT_EMIT_LOC_STRINGS = NO;
				SWIFT_VERSION = 5.0;
				TARGETED_DEVICE_FAMILY = "1,2";
				TEST_HOST = "$(BUILT_PRODUCTS_DIR)/GlagoliticExplorer.app/$(BUNDLE_EXECUTABLE_FOLDER_PATH)/GlagoliticExplorer";
			};
			name = Debug;
		};
		61921BD02A3A538900438BC6 /* Release */ = {
			isa = XCBuildConfiguration;
			buildSettings = {
				ALWAYS_EMBED_SWIFT_STANDARD_LIBRARIES = YES;
				BUNDLE_LOADER = "$(TEST_HOST)";
				CODE_SIGN_STYLE = Automatic;
				CURRENT_PROJECT_VERSION = 1;
				DEVELOPMENT_TEAM = FAU2V6TT69;
				GENERATE_INFOPLIST_FILE = YES;
				IPHONEOS_DEPLOYMENT_TARGET = 16.2;
				MARKETING_VERSION = 1.0;
				PRODUCT_BUNDLE_IDENTIFIER = rdd.GlagoliticExplorerTests;
				PRODUCT_NAME = "$(TARGET_NAME)";
				SWIFT_EMIT_LOC_STRINGS = NO;
				SWIFT_VERSION = 5.0;
				TARGETED_DEVICE_FAMILY = "1,2";
				TEST_HOST = "$(BUILT_PRODUCTS_DIR)/GlagoliticExplorer.app/$(BUNDLE_EXECUTABLE_FOLDER_PATH)/GlagoliticExplorer";
			};
			name = Release;
		};
		61921BD22A3A538900438BC6 /* Debug */ = {
			isa = XCBuildConfiguration;
			buildSettings = {
				ALWAYS_EMBED_SWIFT_STANDARD_LIBRARIES = YES;
				CODE_SIGN_STYLE = Automatic;
				CURRENT_PROJECT_VERSION = 1;
				DEVELOPMENT_TEAM = FAU2V6TT69;
				GENERATE_INFOPLIST_FILE = YES;
				MARKETING_VERSION = 1.0;
				PRODUCT_BUNDLE_IDENTIFIER = rdd.GlagoliticExplorerUITests;
				PRODUCT_NAME = "$(TARGET_NAME)";
				SWIFT_EMIT_LOC_STRINGS = NO;
				SWIFT_VERSION = 5.0;
				TARGETED_DEVICE_FAMILY = "1,2";
				TEST_TARGET_NAME = GlagoliticExplorer;
			};
			name = Debug;
		};
		61921BD32A3A538900438BC6 /* Release */ = {
			isa = XCBuildConfiguration;
			buildSettings = {
				ALWAYS_EMBED_SWIFT_STANDARD_LIBRARIES = YES;
				CODE_SIGN_STYLE = Automatic;
				CURRENT_PROJECT_VERSION = 1;
				DEVELOPMENT_TEAM = FAU2V6TT69;
				GENERATE_INFOPLIST_FILE = YES;
				MARKETING_VERSION = 1.0;
				PRODUCT_BUNDLE_IDENTIFIER = rdd.GlagoliticExplorerUITests;
				PRODUCT_NAME = "$(TARGET_NAME)";
				SWIFT_EMIT_LOC_STRINGS = NO;
				SWIFT_VERSION = 5.0;
				TARGETED_DEVICE_FAMILY = "1,2";
				TEST_TARGET_NAME = GlagoliticExplorer;
			};
			name = Release;
		};
/* End XCBuildConfiguration section */

/* Begin XCConfigurationList section */
		61921BA22A3A538800438BC6 /* Build configuration list for PBXProject "GlagoliticExplorer" */ = {
			isa = XCConfigurationList;
			buildConfigurations = (
				61921BC92A3A538900438BC6 /* Debug */,
				61921BCA2A3A538900438BC6 /* Release */,
			);
			defaultConfigurationIsVisible = 0;
			defaultConfigurationName = Release;
		};
		61921BCB2A3A538900438BC6 /* Build configuration list for PBXNativeTarget "GlagoliticExplorer" */ = {
			isa = XCConfigurationList;
			buildConfigurations = (
				61921BCC2A3A538900438BC6 /* Debug */,
				61921BCD2A3A538900438BC6 /* Release */,
			);
			defaultConfigurationIsVisible = 0;
			defaultConfigurationName = Release;
		};
		61921BCE2A3A538900438BC6 /* Build configuration list for PBXNativeTarget "GlagoliticExplorerTests" */ = {
			isa = XCConfigurationList;
			buildConfigurations = (
				61921BCF2A3A538900438BC6 /* Debug */,
				61921BD02A3A538900438BC6 /* Release */,
			);
			defaultConfigurationIsVisible = 0;
			defaultConfigurationName = Release;
		};
		61921BD12A3A538900438BC6 /* Build configuration list for PBXNativeTarget "GlagoliticExplorerUITests" */ = {
			isa = XCConfigurationList;
			buildConfigurations = (
				61921BD22A3A538900438BC6 /* Debug */,
				61921BD32A3A538900438BC6 /* Release */,
			);
			defaultConfigurationIsVisible = 0;
			defaultConfigurationName = Release;
		};
/* End XCConfigurationList section */
	};
	rootObject = 61921B9F2A3A538800438BC6 /* Project object */;
}
